// !$*UTF8*$!
{
	archiveVersion = 1;
	classes = {
	};
	objectVersion = 46;
	objects = {

/* Begin PBXBuildFile section */
		300991591B21C20800C9C4DF /* LocalKeyTableViewController.swift in Sources */ = {isa = PBXBuildFile; fileRef = 300991581B21C20800C9C4DF /* LocalKeyTableViewController.swift */; };
		3009915B1B21C2CC00C9C4DF /* ExploreKeysTableViewController.swift in Sources */ = {isa = PBXBuildFile; fileRef = 3009915A1B21C2CC00C9C4DF /* ExploreKeysTableViewController.swift */; };
		3009915D1B21C4A500C9C4DF /* LocalKeyDetailTableViewController.swift in Sources */ = {isa = PBXBuildFile; fileRef = 3009915C1B21C4A500C9C4DF /* LocalKeyDetailTableViewController.swift */; };
		300991641B21CED700C9C4DF /* BaseFetchController.m in Sources */ = {isa = PBXBuildFile; fileRef = 300991631B21CED700C9C4DF /* BaseFetchController.m */; };
		3009916E1B21D5BC00C9C4DF /* LocalKey.swift in Sources */ = {isa = PBXBuildFile; fileRef = 3009916D1B21D5BC00C9C4DF /* LocalKey.swift */; };
		300991701B21D85900C9C4DF /* AllLocalKeys.swift in Sources */ = {isa = PBXBuildFile; fileRef = 3009916F1B21D85900C9C4DF /* AllLocalKeys.swift */; };
		300991731B21DC2300C9C4DF /* Key.m in Sources */ = {isa = PBXBuildFile; fileRef = 300991721B21DC2300C9C4DF /* Key.m */; };
		300991761B21DC2300C9C4DF /* Remote.m in Sources */ = {isa = PBXBuildFile; fileRef = 300991751B21DC2300C9C4DF /* Remote.m */; };
		300991781B21E13200C9C4DF /* LocalKeyTableViewCell.swift in Sources */ = {isa = PBXBuildFile; fileRef = 300991771B21E13200C9C4DF /* LocalKeyTableViewCell.swift */; };
		3009B2671B248D8D00679729 /* RemoteUser.swift in Sources */ = {isa = PBXBuildFile; fileRef = 3009B2661B248D8D00679729 /* RemoteUser.swift */; };
		3009B2691B248DD900679729 /* VerifiedNetworks.swift in Sources */ = {isa = PBXBuildFile; fileRef = 3009B2681B248DD900679729 /* VerifiedNetworks.swift */; };
		303375641B28B0560007A97E /* ROKTextView.swift in Sources */ = {isa = PBXBuildFile; fileRef = 303375631B28B0560007A97E /* ROKTextView.swift */; };
		303375661B28BD3A0007A97E /* RemoteDetailProfileViewTableViewController.swift in Sources */ = {isa = PBXBuildFile; fileRef = 303375651B28BD3A0007A97E /* RemoteDetailProfileViewTableViewController.swift */; };
		303A030B1B2A1257005EB9FD /* ProfileHeaderImageView.swift in Sources */ = {isa = PBXBuildFile; fileRef = 303A030A1B2A1257005EB9FD /* ProfileHeaderImageView.swift */; };
		303A030D1B2A13FC005EB9FD /* ProfileHeaderImageView.xib in Resources */ = {isa = PBXBuildFile; fileRef = 303A030C1B2A13FC005EB9FD /* ProfileHeaderImageView.xib */; };
		30AE85791B2314EF0061905E /* RemoteEndpoint.swift in Sources */ = {isa = PBXBuildFile; fileRef = 30AE85781B2314EF0061905E /* RemoteEndpoint.swift */; };
		30AE857B1B2318DA0061905E /* LookUpEndpoint.swift in Sources */ = {isa = PBXBuildFile; fileRef = 30AE857A1B2318DA0061905E /* LookUpEndpoint.swift */; };
		30AE857D1B23196B0061905E /* EndpointProtocol.swift in Sources */ = {isa = PBXBuildFile; fileRef = 30AE857C1B23196B0061905E /* EndpointProtocol.swift */; };
		30B0DEAC1B1F8AD20086FF3F /* AppDelegate.swift in Sources */ = {isa = PBXBuildFile; fileRef = 30B0DEAB1B1F8AD20086FF3F /* AppDelegate.swift */; };
		30B0DEAF1B1F8AD20086FF3F /* Keys.xcdatamodeld in Sources */ = {isa = PBXBuildFile; fileRef = 30B0DEAD1B1F8AD20086FF3F /* Keys.xcdatamodeld */; };
		30B0DEB41B1F8AD30086FF3F /* Main.storyboard in Resources */ = {isa = PBXBuildFile; fileRef = 30B0DEB21B1F8AD30086FF3F /* Main.storyboard */; };
		30B0DEB61B1F8AD30086FF3F /* Images.xcassets in Resources */ = {isa = PBXBuildFile; fileRef = 30B0DEB51B1F8AD30086FF3F /* Images.xcassets */; };
		30B0DEB91B1F8AD30086FF3F /* LaunchScreen.xib in Resources */ = {isa = PBXBuildFile; fileRef = 30B0DEB71B1F8AD30086FF3F /* LaunchScreen.xib */; };
		30B0DEC51B1F8AD30086FF3F /* KeysTests.swift in Sources */ = {isa = PBXBuildFile; fileRef = 30B0DEC41B1F8AD30086FF3F /* KeysTests.swift */; };
		30BFFB191B2762F2002FEC9D /* RemoteKeyCell.swift in Sources */ = {isa = PBXBuildFile; fileRef = 30BFFB181B2762F2002FEC9D /* RemoteKeyCell.swift */; };
		C736B0F9598D1875834194AE /* libPods.a in Frameworks */ = {isa = PBXBuildFile; fileRef = 667D327764363BED19F979E3 /* libPods.a */; };
/* End PBXBuildFile section */

/* Begin PBXContainerItemProxy section */
		30B0DEBF1B1F8AD30086FF3F /* PBXContainerItemProxy */ = {
			isa = PBXContainerItemProxy;
			containerPortal = 30B0DE9E1B1F8AD20086FF3F /* Project object */;
			proxyType = 1;
			remoteGlobalIDString = 30B0DEA51B1F8AD20086FF3F;
			remoteInfo = Keys;
		};
/* End PBXContainerItemProxy section */

/* Begin PBXFileReference section */
		27248366C5E24BAFBA43E0A2 /* Pods.release.xcconfig */ = {isa = PBXFileReference; includeInIndex = 1; lastKnownFileType = text.xcconfig; name = Pods.release.xcconfig; path = "../Pods/Target Support Files/Pods/Pods.release.xcconfig"; sourceTree = "<group>"; };
		300991581B21C20800C9C4DF /* LocalKeyTableViewController.swift */ = {isa = PBXFileReference; fileEncoding = 4; lastKnownFileType = sourcecode.swift; path = LocalKeyTableViewController.swift; sourceTree = "<group>"; };
		3009915A1B21C2CC00C9C4DF /* ExploreKeysTableViewController.swift */ = {isa = PBXFileReference; fileEncoding = 4; lastKnownFileType = sourcecode.swift; path = ExploreKeysTableViewController.swift; sourceTree = "<group>"; };
		3009915C1B21C4A500C9C4DF /* LocalKeyDetailTableViewController.swift */ = {isa = PBXFileReference; fileEncoding = 4; lastKnownFileType = sourcecode.swift; path = LocalKeyDetailTableViewController.swift; sourceTree = "<group>"; };
		300991621B21CED700C9C4DF /* Keys-Bridging-Header.h */ = {isa = PBXFileReference; lastKnownFileType = sourcecode.c.h; path = "Keys-Bridging-Header.h"; sourceTree = "<group>"; };
		300991631B21CED700C9C4DF /* BaseFetchController.m */ = {isa = PBXFileReference; fileEncoding = 4; lastKnownFileType = sourcecode.c.objc; path = BaseFetchController.m; sourceTree = "<group>"; };
		300991651B21CEE200C9C4DF /* BaseFetchController.h */ = {isa = PBXFileReference; lastKnownFileType = sourcecode.c.h; path = BaseFetchController.h; sourceTree = "<group>"; };
		3009916D1B21D5BC00C9C4DF /* LocalKey.swift */ = {isa = PBXFileReference; fileEncoding = 4; lastKnownFileType = sourcecode.swift; path = LocalKey.swift; sourceTree = "<group>"; };
		3009916F1B21D85900C9C4DF /* AllLocalKeys.swift */ = {isa = PBXFileReference; fileEncoding = 4; lastKnownFileType = sourcecode.swift; path = AllLocalKeys.swift; sourceTree = "<group>"; };
		300991711B21DC2300C9C4DF /* Key.h */ = {isa = PBXFileReference; fileEncoding = 4; lastKnownFileType = sourcecode.c.h; path = Key.h; sourceTree = "<group>"; };
		300991721B21DC2300C9C4DF /* Key.m */ = {isa = PBXFileReference; fileEncoding = 4; lastKnownFileType = sourcecode.c.objc; path = Key.m; sourceTree = "<group>"; };
		300991741B21DC2300C9C4DF /* Remote.h */ = {isa = PBXFileReference; fileEncoding = 4; lastKnownFileType = sourcecode.c.h; path = Remote.h; sourceTree = "<group>"; };
		300991751B21DC2300C9C4DF /* Remote.m */ = {isa = PBXFileReference; fileEncoding = 4; lastKnownFileType = sourcecode.c.objc; path = Remote.m; sourceTree = "<group>"; };
		300991771B21E13200C9C4DF /* LocalKeyTableViewCell.swift */ = {isa = PBXFileReference; fileEncoding = 4; lastKnownFileType = sourcecode.swift; path = LocalKeyTableViewCell.swift; sourceTree = "<group>"; };
		3009B2661B248D8D00679729 /* RemoteUser.swift */ = {isa = PBXFileReference; fileEncoding = 4; lastKnownFileType = sourcecode.swift; path = RemoteUser.swift; sourceTree = "<group>"; };
		3009B2681B248DD900679729 /* VerifiedNetworks.swift */ = {isa = PBXFileReference; fileEncoding = 4; lastKnownFileType = sourcecode.swift; path = VerifiedNetworks.swift; sourceTree = "<group>"; };
		303375631B28B0560007A97E /* ROKTextView.swift */ = {isa = PBXFileReference; fileEncoding = 4; lastKnownFileType = sourcecode.swift; path = ROKTextView.swift; sourceTree = "<group>"; };
		303375651B28BD3A0007A97E /* RemoteDetailProfileViewTableViewController.swift */ = {isa = PBXFileReference; fileEncoding = 4; lastKnownFileType = sourcecode.swift; path = RemoteDetailProfileViewTableViewController.swift; sourceTree = "<group>"; };
		303A030A1B2A1257005EB9FD /* ProfileHeaderImageView.swift */ = {isa = PBXFileReference; fileEncoding = 4; lastKnownFileType = sourcecode.swift; path = ProfileHeaderImageView.swift; sourceTree = "<group>"; };
		303A030C1B2A13FC005EB9FD /* ProfileHeaderImageView.xib */ = {isa = PBXFileReference; fileEncoding = 4; lastKnownFileType = file.xib; path = ProfileHeaderImageView.xib; sourceTree = "<group>"; };
		30AE85781B2314EF0061905E /* RemoteEndpoint.swift */ = {isa = PBXFileReference; fileEncoding = 4; lastKnownFileType = sourcecode.swift; path = RemoteEndpoint.swift; sourceTree = "<group>"; };
		30AE857A1B2318DA0061905E /* LookUpEndpoint.swift */ = {isa = PBXFileReference; fileEncoding = 4; lastKnownFileType = sourcecode.swift; path = LookUpEndpoint.swift; sourceTree = "<group>"; };
		30AE857C1B23196B0061905E /* EndpointProtocol.swift */ = {isa = PBXFileReference; fileEncoding = 4; lastKnownFileType = sourcecode.swift; path = EndpointProtocol.swift; sourceTree = "<group>"; };
		30B0DEA61B1F8AD20086FF3F /* Keys.app */ = {isa = PBXFileReference; explicitFileType = wrapper.application; includeInIndex = 0; path = Keys.app; sourceTree = BUILT_PRODUCTS_DIR; };
		30B0DEAA1B1F8AD20086FF3F /* Info.plist */ = {isa = PBXFileReference; lastKnownFileType = text.plist.xml; path = Info.plist; sourceTree = "<group>"; };
		30B0DEAB1B1F8AD20086FF3F /* AppDelegate.swift */ = {isa = PBXFileReference; lastKnownFileType = sourcecode.swift; path = AppDelegate.swift; sourceTree = "<group>"; };
		30B0DEAE1B1F8AD20086FF3F /* Keys.xcdatamodel */ = {isa = PBXFileReference; lastKnownFileType = wrapper.xcdatamodel; path = Keys.xcdatamodel; sourceTree = "<group>"; };
		30B0DEB31B1F8AD30086FF3F /* Base */ = {isa = PBXFileReference; lastKnownFileType = file.storyboard; name = Base; path = Base.lproj/Main.storyboard; sourceTree = "<group>"; };
		30B0DEB51B1F8AD30086FF3F /* Images.xcassets */ = {isa = PBXFileReference; lastKnownFileType = folder.assetcatalog; path = Images.xcassets; sourceTree = "<group>"; };
		30B0DEB81B1F8AD30086FF3F /* Base */ = {isa = PBXFileReference; lastKnownFileType = file.xib; name = Base; path = Base.lproj/LaunchScreen.xib; sourceTree = "<group>"; };
		30B0DEBE1B1F8AD30086FF3F /* KeysTests.xctest */ = {isa = PBXFileReference; explicitFileType = wrapper.cfbundle; includeInIndex = 0; path = KeysTests.xctest; sourceTree = BUILT_PRODUCTS_DIR; };
		30B0DEC31B1F8AD30086FF3F /* Info.plist */ = {isa = PBXFileReference; lastKnownFileType = text.plist.xml; path = Info.plist; sourceTree = "<group>"; };
		30B0DEC41B1F8AD30086FF3F /* KeysTests.swift */ = {isa = PBXFileReference; lastKnownFileType = sourcecode.swift; path = KeysTests.swift; sourceTree = "<group>"; };
		30BFFB181B2762F2002FEC9D /* RemoteKeyCell.swift */ = {isa = PBXFileReference; fileEncoding = 4; lastKnownFileType = sourcecode.swift; path = RemoteKeyCell.swift; sourceTree = "<group>"; };
		667D327764363BED19F979E3 /* libPods.a */ = {isa = PBXFileReference; explicitFileType = archive.ar; includeInIndex = 0; path = libPods.a; sourceTree = BUILT_PRODUCTS_DIR; };
		A1B8DE305EAE073D0ED9554C /* Pods.debug.xcconfig */ = {isa = PBXFileReference; includeInIndex = 1; lastKnownFileType = text.xcconfig; name = Pods.debug.xcconfig; path = "../Pods/Target Support Files/Pods/Pods.debug.xcconfig"; sourceTree = "<group>"; };
/* End PBXFileReference section */

/* Begin PBXFrameworksBuildPhase section */
		30B0DEA31B1F8AD20086FF3F /* Frameworks */ = {
			isa = PBXFrameworksBuildPhase;
			buildActionMask = 2147483647;
			files = (
				C736B0F9598D1875834194AE /* libPods.a in Frameworks */,
			);
			runOnlyForDeploymentPostprocessing = 0;
		};
		30B0DEBB1B1F8AD30086FF3F /* Frameworks */ = {
			isa = PBXFrameworksBuildPhase;
			buildActionMask = 2147483647;
			files = (
			);
			runOnlyForDeploymentPostprocessing = 0;
		};
/* End PBXFrameworksBuildPhase section */

/* Begin PBXGroup section */
		300991681B21D40300C9C4DF /* base */ = {
			isa = PBXGroup;
			children = (
				300991631B21CED700C9C4DF /* BaseFetchController.m */,
				300991651B21CEE200C9C4DF /* BaseFetchController.h */,
				300991621B21CED700C9C4DF /* Keys-Bridging-Header.h */,
			);
			name = base;
			sourceTree = "<group>";
		};
		300991691B21D49600C9C4DF /* local */ = {
			isa = PBXGroup;
			children = (
				300991581B21C20800C9C4DF /* LocalKeyTableViewController.swift */,
				3009915C1B21C4A500C9C4DF /* LocalKeyDetailTableViewController.swift */,
			);
			name = local;
			sourceTree = "<group>";
		};
		3009916A1B21D49F00C9C4DF /* view */ = {
			isa = PBXGroup;
			children = (
				303375631B28B0560007A97E /* ROKTextView.swift */,
				30BFFB181B2762F2002FEC9D /* RemoteKeyCell.swift */,
				300991771B21E13200C9C4DF /* LocalKeyTableViewCell.swift */,
				303A030A1B2A1257005EB9FD /* ProfileHeaderImageView.swift */,
				303A030C1B2A13FC005EB9FD /* ProfileHeaderImageView.xib */,
			);
			name = view;
			sourceTree = "<group>";
		};
		3009916B1B21D4A600C9C4DF /* remote */ = {
			isa = PBXGroup;
			children = (
				3009915A1B21C2CC00C9C4DF /* ExploreKeysTableViewController.swift */,
				303375651B28BD3A0007A97E /* RemoteDetailProfileViewTableViewController.swift */,
			);
			name = remote;
			sourceTree = "<group>";
		};
		3009916C1B21D5A100C9C4DF /* model */ = {
			isa = PBXGroup;
			children = (
				3099B8891B2DF2F4007055F0 /* entities */,
				3009916D1B21D5BC00C9C4DF /* LocalKey.swift */,
				3009916F1B21D85900C9C4DF /* AllLocalKeys.swift */,
				3099B88A1B2DF48E007055F0 /* remotes */,
			);
			name = model;
			sourceTree = "<group>";
		};
		3099B8891B2DF2F4007055F0 /* entities */ = {
			isa = PBXGroup;
			children = (
				300991741B21DC2300C9C4DF /* Remote.h */,
				300991751B21DC2300C9C4DF /* Remote.m */,
				300991711B21DC2300C9C4DF /* Key.h */,
				300991721B21DC2300C9C4DF /* Key.m */,
			);
			name = entities;
			sourceTree = "<group>";
		};
		3099B88A1B2DF48E007055F0 /* remotes */ = {
			isa = PBXGroup;
			children = (
				3099B88B1B2DF49A007055F0 /* endpoints */,
				3099B88C1B2DF4AD007055F0 /* objects */,
			);
			name = remotes;
			sourceTree = "<group>";
		};
		3099B88B1B2DF49A007055F0 /* endpoints */ = {
			isa = PBXGroup;
			children = (
				30AE85781B2314EF0061905E /* RemoteEndpoint.swift */,
				30AE857C1B23196B0061905E /* EndpointProtocol.swift */,
				30AE857A1B2318DA0061905E /* LookUpEndpoint.swift */,
			);
			name = endpoints;
			sourceTree = "<group>";
		};
		3099B88C1B2DF4AD007055F0 /* objects */ = {
			isa = PBXGroup;
			children = (
				3009B2661B248D8D00679729 /* RemoteUser.swift */,
				3009B2681B248DD900679729 /* VerifiedNetworks.swift */,
			);
			name = objects;
			sourceTree = "<group>";
		};
		30B0DE9D1B1F8AD20086FF3F = {
			isa = PBXGroup;
			children = (
				30B0DEA81B1F8AD20086FF3F /* Keys */,
				30B0DEC11B1F8AD30086FF3F /* KeysTests */,
				30B0DEA71B1F8AD20086FF3F /* Products */,
				D0D76BAA42E29FBD6B1559C7 /* Pods */,
				36CCA165D6BE82CF884796E0 /* Frameworks */,
			);
			sourceTree = "<group>";
		};
		30B0DEA71B1F8AD20086FF3F /* Products */ = {
			isa = PBXGroup;
			children = (
				30B0DEA61B1F8AD20086FF3F /* Keys.app */,
				30B0DEBE1B1F8AD30086FF3F /* KeysTests.xctest */,
			);
			name = Products;
			sourceTree = "<group>";
		};
		30B0DEA81B1F8AD20086FF3F /* Keys */ = {
			isa = PBXGroup;
			children = (
				3009916C1B21D5A100C9C4DF /* model */,
				30B0DEAB1B1F8AD20086FF3F /* AppDelegate.swift */,
				30B0DEB21B1F8AD30086FF3F /* Main.storyboard */,
				30B0DEB51B1F8AD30086FF3F /* Images.xcassets */,
				30B0DEB71B1F8AD30086FF3F /* LaunchScreen.xib */,
				30B0DEAD1B1F8AD20086FF3F /* Keys.xcdatamodeld */,
				30B0DEA91B1F8AD20086FF3F /* Supporting Files */,
				300991691B21D49600C9C4DF /* local */,
				3009916B1B21D4A600C9C4DF /* remote */,
				3009916A1B21D49F00C9C4DF /* view */,
				300991681B21D40300C9C4DF /* base */,
			);
			path = Keys;
			sourceTree = "<group>";
		};
		30B0DEA91B1F8AD20086FF3F /* Supporting Files */ = {
			isa = PBXGroup;
			children = (
				30B0DEAA1B1F8AD20086FF3F /* Info.plist */,
			);
			name = "Supporting Files";
			sourceTree = "<group>";
		};
		30B0DEC11B1F8AD30086FF3F /* KeysTests */ = {
			isa = PBXGroup;
			children = (
				30B0DEC41B1F8AD30086FF3F /* KeysTests.swift */,
				30B0DEC21B1F8AD30086FF3F /* Supporting Files */,
			);
			path = KeysTests;
			sourceTree = "<group>";
		};
		30B0DEC21B1F8AD30086FF3F /* Supporting Files */ = {
			isa = PBXGroup;
			children = (
				30B0DEC31B1F8AD30086FF3F /* Info.plist */,
			);
			name = "Supporting Files";
			sourceTree = "<group>";
		};
		36CCA165D6BE82CF884796E0 /* Frameworks */ = {
			isa = PBXGroup;
			children = (
				667D327764363BED19F979E3 /* libPods.a */,
			);
			name = Frameworks;
			sourceTree = "<group>";
		};
		D0D76BAA42E29FBD6B1559C7 /* Pods */ = {
			isa = PBXGroup;
			children = (
				A1B8DE305EAE073D0ED9554C /* Pods.debug.xcconfig */,
				27248366C5E24BAFBA43E0A2 /* Pods.release.xcconfig */,
			);
			name = Pods;
			sourceTree = "<group>";
		};
/* End PBXGroup section */

/* Begin PBXNativeTarget section */
		30B0DEA51B1F8AD20086FF3F /* Keys */ = {
			isa = PBXNativeTarget;
			buildConfigurationList = 30B0DEC81B1F8AD30086FF3F /* Build configuration list for PBXNativeTarget "Keys" */;
			buildPhases = (
				CE90AB18E9DE4B4938C965A7 /* Check Pods Manifest.lock */,
				30B0DEA21B1F8AD20086FF3F /* Sources */,
				30B0DEA31B1F8AD20086FF3F /* Frameworks */,
				30B0DEA41B1F8AD20086FF3F /* Resources */,
				1AF91BEEC5C529462D6E2EE3 /* Copy Pods Resources */,
			);
			buildRules = (
			);
			dependencies = (
			);
			name = Keys;
			productName = Keys;
			productReference = 30B0DEA61B1F8AD20086FF3F /* Keys.app */;
			productType = "com.apple.product-type.application";
		};
		30B0DEBD1B1F8AD30086FF3F /* KeysTests */ = {
			isa = PBXNativeTarget;
			buildConfigurationList = 30B0DECB1B1F8AD30086FF3F /* Build configuration list for PBXNativeTarget "KeysTests" */;
			buildPhases = (
				30B0DEBA1B1F8AD30086FF3F /* Sources */,
				30B0DEBB1B1F8AD30086FF3F /* Frameworks */,
				30B0DEBC1B1F8AD30086FF3F /* Resources */,
			);
			buildRules = (
			);
			dependencies = (
				30B0DEC01B1F8AD30086FF3F /* PBXTargetDependency */,
			);
			name = KeysTests;
			productName = KeysTests;
			productReference = 30B0DEBE1B1F8AD30086FF3F /* KeysTests.xctest */;
			productType = "com.apple.product-type.bundle.unit-test";
		};
/* End PBXNativeTarget section */

/* Begin PBXProject section */
		30B0DE9E1B1F8AD20086FF3F /* Project object */ = {
			isa = PBXProject;
			attributes = {
				LastUpgradeCheck = 0630;
				ORGANIZATIONNAME = "Roman Klauke";
				TargetAttributes = {
					30B0DEA51B1F8AD20086FF3F = {
						CreatedOnToolsVersion = 6.3.2;
					};
					30B0DEBD1B1F8AD30086FF3F = {
						CreatedOnToolsVersion = 6.3.2;
						TestTargetID = 30B0DEA51B1F8AD20086FF3F;
					};
				};
			};
			buildConfigurationList = 30B0DEA11B1F8AD20086FF3F /* Build configuration list for PBXProject "Keys" */;
			compatibilityVersion = "Xcode 3.2";
			developmentRegion = English;
			hasScannedForEncodings = 0;
			knownRegions = (
				en,
				Base,
			);
			mainGroup = 30B0DE9D1B1F8AD20086FF3F;
			productRefGroup = 30B0DEA71B1F8AD20086FF3F /* Products */;
			projectDirPath = "";
			projectRoot = "";
			targets = (
				30B0DEA51B1F8AD20086FF3F /* Keys */,
				30B0DEBD1B1F8AD30086FF3F /* KeysTests */,
			);
		};
/* End PBXProject section */

/* Begin PBXResourcesBuildPhase section */
		30B0DEA41B1F8AD20086FF3F /* Resources */ = {
			isa = PBXResourcesBuildPhase;
			buildActionMask = 2147483647;
			files = (
				30B0DEB41B1F8AD30086FF3F /* Main.storyboard in Resources */,
				30B0DEB91B1F8AD30086FF3F /* LaunchScreen.xib in Resources */,
				30B0DEB61B1F8AD30086FF3F /* Images.xcassets in Resources */,
				303A030D1B2A13FC005EB9FD /* ProfileHeaderImageView.xib in Resources */,
			);
			runOnlyForDeploymentPostprocessing = 0;
		};
		30B0DEBC1B1F8AD30086FF3F /* Resources */ = {
			isa = PBXResourcesBuildPhase;
			buildActionMask = 2147483647;
			files = (
			);
			runOnlyForDeploymentPostprocessing = 0;
		};
/* End PBXResourcesBuildPhase section */

/* Begin PBXShellScriptBuildPhase section */
		1AF91BEEC5C529462D6E2EE3 /* Copy Pods Resources */ = {
			isa = PBXShellScriptBuildPhase;
			buildActionMask = 2147483647;
			files = (
			);
			inputPaths = (
			);
			name = "Copy Pods Resources";
			outputPaths = (
			);
			runOnlyForDeploymentPostprocessing = 0;
			shellPath = /bin/sh;
			shellScript = "\"${SRCROOT}/../Pods/Target Support Files/Pods/Pods-resources.sh\"\n";
			showEnvVarsInLog = 0;
		};
		CE90AB18E9DE4B4938C965A7 /* Check Pods Manifest.lock */ = {
			isa = PBXShellScriptBuildPhase;
			buildActionMask = 2147483647;
			files = (
			);
			inputPaths = (
			);
			name = "Check Pods Manifest.lock";
			outputPaths = (
			);
			runOnlyForDeploymentPostprocessing = 0;
			shellPath = /bin/sh;
			shellScript = "diff \"${PODS_ROOT}/../Podfile.lock\" \"${PODS_ROOT}/Manifest.lock\" > /dev/null\nif [[ $? != 0 ]] ; then\n    cat << EOM\nerror: The sandbox is not in sync with the Podfile.lock. Run 'pod install' or update your CocoaPods installation.\nEOM\n    exit 1\nfi\n";
			showEnvVarsInLog = 0;
		};
/* End PBXShellScriptBuildPhase section */

/* Begin PBXSourcesBuildPhase section */
		30B0DEA21B1F8AD20086FF3F /* Sources */ = {
			isa = PBXSourcesBuildPhase;
			buildActionMask = 2147483647;
			files = (
				303375641B28B0560007A97E /* ROKTextView.swift in Sources */,
				30AE85791B2314EF0061905E /* RemoteEndpoint.swift in Sources */,
				3009B2691B248DD900679729 /* VerifiedNetworks.swift in Sources */,
				303A030B1B2A1257005EB9FD /* ProfileHeaderImageView.swift in Sources */,
				300991781B21E13200C9C4DF /* LocalKeyTableViewCell.swift in Sources */,
				3009916E1B21D5BC00C9C4DF /* LocalKey.swift in Sources */,
				3009915D1B21C4A500C9C4DF /* LocalKeyDetailTableViewController.swift in Sources */,
				300991701B21D85900C9C4DF /* AllLocalKeys.swift in Sources */,
				3009B2671B248D8D00679729 /* RemoteUser.swift in Sources */,
				300991761B21DC2300C9C4DF /* Remote.m in Sources */,
				300991641B21CED700C9C4DF /* BaseFetchController.m in Sources */,
				300991591B21C20800C9C4DF /* LocalKeyTableViewController.swift in Sources */,
				30B0DEAC1B1F8AD20086FF3F /* AppDelegate.swift in Sources */,
				3009915B1B21C2CC00C9C4DF /* ExploreKeysTableViewController.swift in Sources */,
				30AE857B1B2318DA0061905E /* LookUpEndpoint.swift in Sources */,
				30AE857D1B23196B0061905E /* EndpointProtocol.swift in Sources */,
				303375661B28BD3A0007A97E /* RemoteDetailProfileViewTableViewController.swift in Sources */,
				30B0DEAF1B1F8AD20086FF3F /* Keys.xcdatamodeld in Sources */,
				300991731B21DC2300C9C4DF /* Key.m in Sources */,
				30BFFB191B2762F2002FEC9D /* RemoteKeyCell.swift in Sources */,
			);
			runOnlyForDeploymentPostprocessing = 0;
		};
		30B0DEBA1B1F8AD30086FF3F /* Sources */ = {
			isa = PBXSourcesBuildPhase;
			buildActionMask = 2147483647;
			files = (
				30B0DEC51B1F8AD30086FF3F /* KeysTests.swift in Sources */,
			);
			runOnlyForDeploymentPostprocessing = 0;
		};
/* End PBXSourcesBuildPhase section */

/* Begin PBXTargetDependency section */
		30B0DEC01B1F8AD30086FF3F /* PBXTargetDependency */ = {
			isa = PBXTargetDependency;
			target = 30B0DEA51B1F8AD20086FF3F /* Keys */;
			targetProxy = 30B0DEBF1B1F8AD30086FF3F /* PBXContainerItemProxy */;
		};
/* End PBXTargetDependency section */

/* Begin PBXVariantGroup section */
		30B0DEB21B1F8AD30086FF3F /* Main.storyboard */ = {
			isa = PBXVariantGroup;
			children = (
				30B0DEB31B1F8AD30086FF3F /* Base */,
			);
			name = Main.storyboard;
			sourceTree = "<group>";
		};
		30B0DEB71B1F8AD30086FF3F /* LaunchScreen.xib */ = {
			isa = PBXVariantGroup;
			children = (
				30B0DEB81B1F8AD30086FF3F /* Base */,
			);
			name = LaunchScreen.xib;
			sourceTree = "<group>";
		};
/* End PBXVariantGroup section */

/* Begin XCBuildConfiguration section */
		30B0DEC61B1F8AD30086FF3F /* Debug */ = {
			isa = XCBuildConfiguration;
			buildSettings = {
				ALWAYS_SEARCH_USER_PATHS = NO;
				CLANG_CXX_LANGUAGE_STANDARD = "gnu++0x";
				CLANG_CXX_LIBRARY = "libc++";
				CLANG_ENABLE_MODULES = YES;
				CLANG_ENABLE_OBJC_ARC = YES;
				CLANG_WARN_BOOL_CONVERSION = YES;
				CLANG_WARN_CONSTANT_CONVERSION = YES;
				CLANG_WARN_DIRECT_OBJC_ISA_USAGE = YES_ERROR;
				CLANG_WARN_EMPTY_BODY = YES;
				CLANG_WARN_ENUM_CONVERSION = YES;
				CLANG_WARN_INT_CONVERSION = YES;
				CLANG_WARN_OBJC_ROOT_CLASS = YES_ERROR;
				CLANG_WARN_UNREACHABLE_CODE = YES;
				CLANG_WARN__DUPLICATE_METHOD_MATCH = YES;
				"CODE_SIGN_IDENTITY[sdk=iphoneos*]" = "iPhone Developer";
				COPY_PHASE_STRIP = NO;
				DEBUG_INFORMATION_FORMAT = "dwarf-with-dsym";
				ENABLE_STRICT_OBJC_MSGSEND = YES;
				GCC_C_LANGUAGE_STANDARD = gnu99;
				GCC_DYNAMIC_NO_PIC = NO;
				GCC_NO_COMMON_BLOCKS = YES;
				GCC_OPTIMIZATION_LEVEL = 0;
				GCC_PREPROCESSOR_DEFINITIONS = (
					"DEBUG=1",
					"$(inherited)",
				);
				GCC_SYMBOLS_PRIVATE_EXTERN = NO;
				GCC_WARN_64_TO_32_BIT_CONVERSION = YES;
				GCC_WARN_ABOUT_RETURN_TYPE = YES_ERROR;
				GCC_WARN_UNDECLARED_SELECTOR = YES;
				GCC_WARN_UNINITIALIZED_AUTOS = YES_AGGRESSIVE;
				GCC_WARN_UNUSED_FUNCTION = YES;
				GCC_WARN_UNUSED_VARIABLE = YES;
				IPHONEOS_DEPLOYMENT_TARGET = 8.3;
				MTL_ENABLE_DEBUG_INFO = YES;
				ONLY_ACTIVE_ARCH = YES;
				SDKROOT = iphoneos;
				SWIFT_OPTIMIZATION_LEVEL = "-Onone";
				TARGETED_DEVICE_FAMILY = "1,2";
			};
			name = Debug;
		};
		30B0DEC71B1F8AD30086FF3F /* Release */ = {
			isa = XCBuildConfiguration;
			buildSettings = {
				ALWAYS_SEARCH_USER_PATHS = NO;
				CLANG_CXX_LANGUAGE_STANDARD = "gnu++0x";
				CLANG_CXX_LIBRARY = "libc++";
				CLANG_ENABLE_MODULES = YES;
				CLANG_ENABLE_OBJC_ARC = YES;
				CLANG_WARN_BOOL_CONVERSION = YES;
				CLANG_WARN_CONSTANT_CONVERSION = YES;
				CLANG_WARN_DIRECT_OBJC_ISA_USAGE = YES_ERROR;
				CLANG_WARN_EMPTY_BODY = YES;
				CLANG_WARN_ENUM_CONVERSION = YES;
				CLANG_WARN_INT_CONVERSION = YES;
				CLANG_WARN_OBJC_ROOT_CLASS = YES_ERROR;
				CLANG_WARN_UNREACHABLE_CODE = YES;
				CLANG_WARN__DUPLICATE_METHOD_MATCH = YES;
				"CODE_SIGN_IDENTITY[sdk=iphoneos*]" = "iPhone Developer";
				COPY_PHASE_STRIP = NO;
				DEBUG_INFORMATION_FORMAT = "dwarf-with-dsym";
				ENABLE_NS_ASSERTIONS = NO;
				ENABLE_STRICT_OBJC_MSGSEND = YES;
				GCC_C_LANGUAGE_STANDARD = gnu99;
				GCC_NO_COMMON_BLOCKS = YES;
				GCC_WARN_64_TO_32_BIT_CONVERSION = YES;
				GCC_WARN_ABOUT_RETURN_TYPE = YES_ERROR;
				GCC_WARN_UNDECLARED_SELECTOR = YES;
				GCC_WARN_UNINITIALIZED_AUTOS = YES_AGGRESSIVE;
				GCC_WARN_UNUSED_FUNCTION = YES;
				GCC_WARN_UNUSED_VARIABLE = YES;
				IPHONEOS_DEPLOYMENT_TARGET = 8.3;
				MTL_ENABLE_DEBUG_INFO = NO;
				SDKROOT = iphoneos;
				TARGETED_DEVICE_FAMILY = "1,2";
				VALIDATE_PRODUCT = YES;
			};
			name = Release;
		};
		30B0DEC91B1F8AD30086FF3F /* Debug */ = {
			isa = XCBuildConfiguration;
			baseConfigurationReference = A1B8DE305EAE073D0ED9554C /* Pods.debug.xcconfig */;
			buildSettings = {
				ASSETCATALOG_COMPILER_APPICON_NAME = AppIcon;
				CLANG_ENABLE_MODULES = YES;
				INFOPLIST_FILE = Keys/Info.plist;
				LD_RUNPATH_SEARCH_PATHS = "$(inherited) @executable_path/Frameworks";
				PRODUCT_NAME = "$(TARGET_NAME)";
				SWIFT_OBJC_BRIDGING_HEADER = "Keys/Keys-Bridging-Header.h";
				SWIFT_OPTIMIZATION_LEVEL = "-Onone";
			};
			name = Debug;
		};
		30B0DECA1B1F8AD30086FF3F /* Release */ = {
			isa = XCBuildConfiguration;
			baseConfigurationReference = 27248366C5E24BAFBA43E0A2 /* Pods.release.xcconfig */;
			buildSettings = {
				ASSETCATALOG_COMPILER_APPICON_NAME = AppIcon;
				CLANG_ENABLE_MODULES = YES;
				INFOPLIST_FILE = Keys/Info.plist;
				LD_RUNPATH_SEARCH_PATHS = "$(inherited) @executable_path/Frameworks";
				PRODUCT_NAME = "$(TARGET_NAME)";
				SWIFT_OBJC_BRIDGING_HEADER = "Keys/Keys-Bridging-Header.h";
			};
			name = Release;
		};
		30B0DECC1B1F8AD30086FF3F /* Debug */ = {
			isa = XCBuildConfiguration;
			buildSettings = {
				BUNDLE_LOADER = "$(TEST_HOST)";
				FRAMEWORK_SEARCH_PATHS = (
					"$(SDKROOT)/Developer/Library/Frameworks",
					"$(inherited)",
				);
				GCC_PREPROCESSOR_DEFINITIONS = (
					"DEBUG=1",
					"$(inherited)",
				);
				INFOPLIST_FILE = KeysTests/Info.plist;
				LD_RUNPATH_SEARCH_PATHS = "$(inherited) @executable_path/Frameworks @loader_path/Frameworks";
				PRODUCT_NAME = "$(TARGET_NAME)";
				TEST_HOST = "$(BUILT_PRODUCTS_DIR)/Keys.app/Keys";
			};
			name = Debug;
		};
		30B0DECD1B1F8AD30086FF3F /* Release */ = {
			isa = XCBuildConfiguration;
			buildSettings = {
				BUNDLE_LOADER = "$(TEST_HOST)";
				FRAMEWORK_SEARCH_PATHS = (
					"$(SDKROOT)/Developer/Library/Frameworks",
					"$(inherited)",
				);
				INFOPLIST_FILE = KeysTests/Info.plist;
				LD_RUNPATH_SEARCH_PATHS = "$(inherited) @executable_path/Frameworks @loader_path/Frameworks";
				PRODUCT_NAME = "$(TARGET_NAME)";
				TEST_HOST = "$(BUILT_PRODUCTS_DIR)/Keys.app/Keys";
			};
			name = Release;
		};
/* End XCBuildConfiguration section */

/* Begin XCConfigurationList section */
		30B0DEA11B1F8AD20086FF3F /* Build configuration list for PBXProject "Keys" */ = {
			isa = XCConfigurationList;
			buildConfigurations = (
				30B0DEC61B1F8AD30086FF3F /* Debug */,
				30B0DEC71B1F8AD30086FF3F /* Release */,
			);
			defaultConfigurationIsVisible = 0;
			defaultConfigurationName = Release;
		};
		30B0DEC81B1F8AD30086FF3F /* Build configuration list for PBXNativeTarget "Keys" */ = {
			isa = XCConfigurationList;
			buildConfigurations = (
				30B0DEC91B1F8AD30086FF3F /* Debug */,
				30B0DECA1B1F8AD30086FF3F /* Release */,
			);
			defaultConfigurationIsVisible = 0;
			defaultConfigurationName = Release;
		};
		30B0DECB1B1F8AD30086FF3F /* Build configuration list for PBXNativeTarget "KeysTests" */ = {
			isa = XCConfigurationList;
			buildConfigurations = (
				30B0DECC1B1F8AD30086FF3F /* Debug */,
				30B0DECD1B1F8AD30086FF3F /* Release */,
			);
			defaultConfigurationIsVisible = 0;
			defaultConfigurationName = Release;
		};
/* End XCConfigurationList section */

/* Begin XCVersionGroup section */
		30B0DEAD1B1F8AD20086FF3F /* Keys.xcdatamodeld */ = {
			isa = XCVersionGroup;
			children = (
				30B0DEAE1B1F8AD20086FF3F /* Keys.xcdatamodel */,
			);
			currentVersion = 30B0DEAE1B1F8AD20086FF3F /* Keys.xcdatamodel */;
			path = Keys.xcdatamodeld;
			sourceTree = "<group>";
			versionGroupType = wrapper.xcdatamodel;
		};
/* End XCVersionGroup section */
	};
	rootObject = 30B0DE9E1B1F8AD20086FF3F /* Project object */;
}
